<?xml version="1.0" encoding="UTF-8"?>
<CodeBlocks_project_file>
	<FileVersion major="1" minor="6"/>
	<Project>
		<Option title="iotseed_sdks_core"/>
		<Option makefile_is_custom="1"/>
		<Option compiler="gcc"/>
		<Option virtualFolders="CMake Files\;"/>
		<Build>
			<Target title="all">
				<Option working_dir="/home/linshenqi/empower/iotseed-sdks-core"/>
				<Option type="4"/>
				<MakeCommands>
					<Build command="/usr/bin/make -j4 -f &quot;/home/linshenqi/empower/iotseed-sdks-core/Makefile&quot;  VERBOSE=1 all"/>
					<CompileFile command="/usr/bin/make -j4 -f &quot;/home/linshenqi/empower/iotseed-sdks-core/Makefile&quot;  VERBOSE=1 &quot;$file&quot;"/>
					<Clean command="/usr/bin/make -j4 -f &quot;/home/linshenqi/empower/iotseed-sdks-core/Makefile&quot;  VERBOSE=1 clean"/>
					<DistClean command="/usr/bin/make -j4 -f &quot;/home/linshenqi/empower/iotseed-sdks-core/Makefile&quot;  VERBOSE=1 clean"/>
				</MakeCommands>
			</Target>
			<Target title="rebuild_cache">
				<Option working_dir="/home/linshenqi/empower/iotseed-sdks-core"/>
				<Option type="4"/>
				<MakeCommands>
					<Build command="/usr/bin/make -j4 -f &quot;/home/linshenqi/empower/iotseed-sdks-core/Makefile&quot;  VERBOSE=1 rebuild_cache"/>
					<CompileFile command="/usr/bin/make -j4 -f &quot;/home/linshenqi/empower/iotseed-sdks-core/Makefile&quot;  VERBOSE=1 &quot;$file&quot;"/>
					<Clean command="/usr/bin/make -j4 -f &quot;/home/linshenqi/empower/iotseed-sdks-core/Makefile&quot;  VERBOSE=1 clean"/>
					<DistClean command="/usr/bin/make -j4 -f &quot;/home/linshenqi/empower/iotseed-sdks-core/Makefile&quot;  VERBOSE=1 clean"/>
				</MakeCommands>
			</Target>
			<Target title="edit_cache">
				<Option working_dir="/home/linshenqi/empower/iotseed-sdks-core"/>
				<Option type="4"/>
				<MakeCommands>
					<Build command="/usr/bin/make -j4 -f &quot;/home/linshenqi/empower/iotseed-sdks-core/Makefile&quot;  VERBOSE=1 edit_cache"/>
					<CompileFile command="/usr/bin/make -j4 -f &quot;/home/linshenqi/empower/iotseed-sdks-core/Makefile&quot;  VERBOSE=1 &quot;$file&quot;"/>
					<Clean command="/usr/bin/make -j4 -f &quot;/home/linshenqi/empower/iotseed-sdks-core/Makefile&quot;  VERBOSE=1 clean"/>
					<DistClean command="/usr/bin/make -j4 -f &quot;/home/linshenqi/empower/iotseed-sdks-core/Makefile&quot;  VERBOSE=1 clean"/>
				</MakeCommands>
			</Target>
			<Target title="iotseed_sdks_core">
				<Option output="/home/linshenqi/empower/iotseed-sdks-core/libiotseed_sdks_core.so" prefix_auto="0" extension_auto="0"/>
				<Option working_dir="/home/linshenqi/empower/iotseed-sdks-core"/>
				<Option object_output="./"/>
				<Option type="3"/>
				<Option compiler="gcc"/>
				<Compiler>
					<Add option="-DMG_ENABLE_CALLBACK_USERDATA"/>
					<Add option="-DMG_ENABLE_HTTP=0"/>
					<Add option="-DMG_ENABLE_SSL"/>
					<Add option="-DMG_ENABLE_THREADS"/>
					<Add directory="/home/linshenqi/empower/iotseed-sdks-core/inc"/>
					<Add directory="/home/linshenqi/empower/iotseed-sdks-core/lib"/>
					<Add directory="/usr/include/c++/5"/>
					<Add directory="/usr/include/x86_64-linux-gnu/c++/5"/>
					<Add directory="/usr/include/c++/5/backward"/>
					<Add directory="/usr/lib/gcc/x86_64-linux-gnu/5/include"/>
					<Add directory="/usr/local/include"/>
					<Add directory="/usr/lib/gcc/x86_64-linux-gnu/5/include-fixed"/>
					<Add directory="/usr/include/x86_64-linux-gnu"/>
					<Add directory="/usr/include"/>
				</Compiler>
				<MakeCommands>
					<Build command="/usr/bin/make -j4 -f &quot;/home/linshenqi/empower/iotseed-sdks-core/Makefile&quot;  VERBOSE=1 iotseed_sdks_core"/>
					<CompileFile command="/usr/bin/make -j4 -f &quot;/home/linshenqi/empower/iotseed-sdks-core/Makefile&quot;  VERBOSE=1 &quot;$file&quot;"/>
					<Clean command="/usr/bin/make -j4 -f &quot;/home/linshenqi/empower/iotseed-sdks-core/Makefile&quot;  VERBOSE=1 clean"/>
					<DistClean command="/usr/bin/make -j4 -f &quot;/home/linshenqi/empower/iotseed-sdks-core/Makefile&quot;  VERBOSE=1 clean"/>
				</MakeCommands>
			</Target>
			<Target title="iotseed_sdks_core/fast">
				<Option output="/home/linshenqi/empower/iotseed-sdks-core/libiotseed_sdks_core.so" prefix_auto="0" extension_auto="0"/>
				<Option working_dir="/home/linshenqi/empower/iotseed-sdks-core"/>
				<Option object_output="./"/>
				<Option type="3"/>
				<Option compiler="gcc"/>
				<Compiler>
					<Add option="-DMG_ENABLE_CALLBACK_USERDATA"/>
					<Add option="-DMG_ENABLE_HTTP=0"/>
					<Add option="-DMG_ENABLE_SSL"/>
					<Add option="-DMG_ENABLE_THREADS"/>
					<Add directory="/home/linshenqi/empower/iotseed-sdks-core/inc"/>
					<Add directory="/home/linshenqi/empower/iotseed-sdks-core/lib"/>
					<Add directory="/usr/include/c++/5"/>
					<Add directory="/usr/include/x86_64-linux-gnu/c++/5"/>
					<Add directory="/usr/include/c++/5/backward"/>
					<Add directory="/usr/lib/gcc/x86_64-linux-gnu/5/include"/>
					<Add directory="/usr/local/include"/>
					<Add directory="/usr/lib/gcc/x86_64-linux-gnu/5/include-fixed"/>
					<Add directory="/usr/include/x86_64-linux-gnu"/>
					<Add directory="/usr/include"/>
				</Compiler>
				<MakeCommands>
					<Build command="/usr/bin/make -j4 -f &quot;/home/linshenqi/empower/iotseed-sdks-core/Makefile&quot;  VERBOSE=1 iotseed_sdks_core/fast"/>
					<CompileFile command="/usr/bin/make -j4 -f &quot;/home/linshenqi/empower/iotseed-sdks-core/Makefile&quot;  VERBOSE=1 &quot;$file&quot;"/>
					<Clean command="/usr/bin/make -j4 -f &quot;/home/linshenqi/empower/iotseed-sdks-core/Makefile&quot;  VERBOSE=1 clean"/>
					<DistClean command="/usr/bin/make -j4 -f &quot;/home/linshenqi/empower/iotseed-sdks-core/Makefile&quot;  VERBOSE=1 clean"/>
				</MakeCommands>
			</Target>
		</Build>
		<Unit filename="/home/linshenqi/empower/iotseed-sdks-core/lib/mongoose/mongoose.c">
			<Option target="iotseed_sdks_core"/>
		</Unit>
		<Unit filename="/home/linshenqi/empower/iotseed-sdks-core/src/log.cpp">
			<Option target="iotseed_sdks_core"/>
		</Unit>
		<Unit filename="/home/linshenqi/empower/iotseed-sdks-core/src/mqtt.cpp">
			<Option target="iotseed_sdks_core"/>
		</Unit>
		<Unit filename="/home/linshenqi/empower/iotseed-sdks-core/src/operation_utils.cpp">
			<Option target="iotseed_sdks_core"/>
		</Unit>
		<Unit filename="/home/linshenqi/empower/iotseed-sdks-core/src/str_utils.cpp">
			<Option target="iotseed_sdks_core"/>
		</Unit>
		<Unit filename="/home/linshenqi/empower/iotseed-sdks-core/CMakeLists.txt">
			<Option virtualFolder="CMake Files\"/>
		</Unit>
	</Project>
</CodeBlocks_project_file>
